[[package]]
name = "amara"
version = "2.0.0"
description = "Library for XML processing in Python"
category = "main"
optional = false
python-versions = "*"

[[package]]
name = "ckanext"
version = "0.1"
description = "CKAN common library for extensions"
category = "main"
optional = false
python-versions = "*"

[package.dependencies]
Amara = "*"

[[package]]
name = "ckanext-harvest"
version = "1.1.3"
description = "Harvesting interface plugin for CKAN"
category = "main"
optional = false
python-versions = "*"
develop = false

[package.dependencies]
redis = "2.10.1"
pika = "0.9.8"
ckanext = "*"

[package.source]
type = "directory"
url = "ckan-extensions/harvest"

[[package]]
name = "click"
version = "7.1.2"
description = "Composable command line interface toolkit"
category = "main"
optional = false
python-versions = ">=2.7, !=3.0.*, !=3.1.*, !=3.2.*, !=3.3.*, !=3.4.*"

[[package]]
name = "pika"
version = "0.9.8"
description = "Pika Python AMQP Client Library"
category = "main"
optional = false
python-versions = "*"

[[package]]
name = "pip-tools"
version = "5.5.0"
description = "pip-tools keeps your pinned dependencies fresh."
category = "main"
optional = false
python-versions = "!=3.0.*,!=3.1.*,!=3.2.*,!=3.3.*,!=3.4.*,>=2.7"

[package.dependencies]
click = ">=7"

[package.extras]
testing = ["mock", "pytest", "pytest-rerunfailures"]
coverage = ["pytest-cov"]

[[package]]
name = "redis"
version = "2.10.1"
description = "Python client for Redis key-value store"
category = "main"
optional = false
python-versions = "*"

[metadata]
lock-version = "1.1"
python-versions = "^2.7"
content-hash = "db16c0add61c67254bc87aafaaf8ffc837fa7b1132008ee1455dab0f4855e46d"

[metadata.files]
amara = [
    {file = "Amara-2.0.0.tar.gz", hash = "sha256:59e4d3faba60508025ec8036f69b9c5ff513940aa4ddfb929605c93a3d959138"},
]
ckanext = [
    {file = "ckanext-0.1.tar.gz", hash = "sha256:0b98f6f17d72e84bf50c342f192b983b2060487580574e660fc5af2f38cd3ae2"},
]
ckanext-harvest = []
click = [
    {file = "click-7.1.2-py2.py3-none-any.whl", hash = "sha256:dacca89f4bfadd5de3d7489b7c8a566eee0d3676333fbb50030263894c38c0dc"},
    {file = "click-7.1.2.tar.gz", hash = "sha256:d2b5255c7c6349bc1bd1e59e08cd12acbbd63ce649f2588755783aa94dfb6b1a"},
]
pika = [
    {file = "pika-0.9.8.tar.gz", hash = "sha256:666fd522f4a1059d5b8b4996e576fa7862f505528e11cf1ef5546311c60c3e4d"},
]
pip-tools = [
    {file = "pip-tools-5.5.0.tar.gz", hash = "sha256:cb0108391366b3ef336185097b3c2c0f3fa115b15098dafbda5e78aef70ea114"},
    {file = "pip_tools-5.5.0-py2.py3-none-any.whl", hash = "sha256:10841c1e56c234d610d0466447685b9ea4ee4a2c274f858c0ef3c33d9bd0d985"},
]
redis = [
    {file = "redis-2.10.1.tar.gz", hash = "sha256:644aaf429e666d2254143a6a02f3b1cca2806d0cd52bb130c8f879d3c8259d62"},
]
